
Microsoft Visual Studio Solution File, Format Version 12.00
# Visual Studio 15
VisualStudioVersion = 15.0.28010.2048
MinimumVisualStudioVersion = 10.0.40219.1
Project("{8BC9CEB8-8B4A-11D0-8D11-00A0C91BC942}") = "5.35", "5.35\5.35.vcxproj", "{28A0DE46-3972-4C74-9B85-CF10EB019031}"
EndProject
Global
	GlobalSection(SolutionConfigurationPlatforms) = preSolution
		Debug|x64 = Debug|x64
		Debug|x86 = Debug|x86
		Release|x64 = Release|x64
		Release|x86 = Release|x86
	EndGlobalSection
	GlobalSection(ProjectConfigurationPlatforms) = postSolution
		{28A0DE46-3972-4C74-9B85-CF10EB019031}.Debug|x64.ActiveCfg = Debug|x64
		{28A0DE46-3972-4C74-9B85-CF10EB019031}.Debug|x64.Build.0 = Debug|x64
		{28A0DE46-3972-4C74-9B85-CF10EB019031}.Debug|x86.ActiveCfg = Debug|Win32
		{28A0DE46-3972-4C74-9B85-CF10EB019031}.Debug|x86.Build.0 = Debug|Win32
		{28A0DE46-3972-4C74-9B85-CF10EB019031}.Release|x64.ActiveCfg = Release|x64
		{28A0DE46-3972-4C74-9B85-CF10EB019031}.Release|x64.Build.0 = Release|x64
		{28A0DE46-3972-4C74-9B85-CF10EB019031}.Release|x86.ActiveCfg = Release|Win32
		{28A0DE46-3972-4C74-9B85-CF10EB019031}.Release|x86.Build.0 = Release|Win32
	EndGlobalSection
	GlobalSection(SolutionProperties) = preSolution
		HideSolutionNode = FALSE
	EndGlobalSection
	GlobalSection(ExtensibilityGlobals) = postSolution
		SolutionGuid = {2B3E9113-96B9-4704-91A7-E30071C02B0B}
	EndGlobalSection
EndGlobal
